
Microsoft Visual Studio Solution File, Format Version 12.00
# Visual Studio Version 17
VisualStudioVersion = 17.0.31903.59
MinimumVisualStudioVersion = 10.0.40219.1
Project("{2150E333-8FDC-42A3-9474-1A3956D46DE8}") = "Core", "Core", "{8E73E7B2-BD1F-4A2F-8B48-B3E87246F859}"
EndProject
Project("{9A19103F-16F7-4668-BE54-9A1E7A4F7556}") = "Duality", "Source\Core\Duality\Duality.csproj", "{58FF55B7-78D2-45E5-B595-E9F4A1B7FD2C}"
EndProject
Project("{2150E333-8FDC-42A3-9474-1A3956D46DE8}") = "Editor", "Editor", "{C40CA1C1-67B9-4A73-9858-6573BA239598}"
EndProject
Project("{9A19103F-16F7-4668-BE54-9A1E7A4F7556}") = "DualityEditor", "Source\Editor\DualityEditor\DualityEditor.csproj", "{A2251C08-94D5-4F31-B73D-7A7BC195C657}"
EndProject
Project("{2150E333-8FDC-42A3-9474-1A3956D46DE8}") = "Platform", "Platform", "{CCDCA619-D8C7-4E78-BF05-22DB518F503D}"
EndProject
Project("{2150E333-8FDC-42A3-9474-1A3956D46DE8}") = "Launcher", "Launcher", "{4E714ECB-1E16-4A47-9353-BDADBC7CB814}"
EndProject
Project("{9A19103F-16F7-4668-BE54-9A1E7A4F7556}") = "DualityLauncher", "Source\Launcher\DualityLauncher.csproj", "{01CFF7C9-C08E-43AE-BDE6-0CC91F9E12D7}"
EndProject
Project("{9A19103F-16F7-4668-BE54-9A1E7A4F7556}") = "WinFormsUI", "Source\Editor\WinFormsUI\WinFormsUI.csproj", "{668E1307-D96A-49E2-9835-C3EC4AB43149}"
EndProject
Project("{9A19103F-16F7-4668-BE54-9A1E7A4F7556}") = "AdamsLair.WinForms", "Source\Editor\AdamsLair.WinForms\AdamsLair.WinForms.csproj", "{48C6DAF0-920E-4BEE-9D12-00F805CE78CA}"
EndProject
Project("{9A19103F-16F7-4668-BE54-9A1E7A4F7556}") = "Aga.Controls", "Source\Editor\Aga.Controls\Aga.Controls.csproj", "{80EB0281-002D-46CE-9206-60230A039DF2}"
EndProject
Project("{9A19103F-16F7-4668-BE54-9A1E7A4F7556}") = "PopupControl", "Source\Editor\PopupControl\PopupControl.csproj", "{4C3E0925-6D35-4BE5-AB8F-B705BC345DE0}"
EndProject
Project("{2150E333-8FDC-42A3-9474-1A3956D46DE8}") = "Plugins", "Plugins", "{351C6EB7-7CAF-42A3-B15D-C1C567054CF9}"
EndProject
Project("{2150E333-8FDC-42A3-9474-1A3956D46DE8}") = "EditorModules", "EditorModules", "{6A869A1E-8C89-49E5-A307-89E44A64559C}"
EndProject
Project("{2150E333-8FDC-42A3-9474-1A3956D46DE8}") = "Tilemaps", "Tilemaps", "{5FCF3A6B-37CA-4ACE-8708-4A7C93961C71}"
EndProject
Project("{9A19103F-16F7-4668-BE54-9A1E7A4F7556}") = "CamView.Editor", "Source\Plugins\EditorModules\CamView\CamView.Editor.csproj", "{6EA4F6A6-E37D-495A-B18B-83C6A2665AB7}"
EndProject
Project("{9A19103F-16F7-4668-BE54-9A1E7A4F7556}") = "HelpAdvisor.Editor", "Source\Plugins\EditorModules\HelpAdvisor\HelpAdvisor.Editor.csproj", "{1170AAA4-4022-4C27-B8EF-349797A21489}"
EndProject
Project("{9A19103F-16F7-4668-BE54-9A1E7A4F7556}") = "LogView.Editor", "Source\Plugins\EditorModules\LogView\LogView.Editor.csproj", "{BDA777FC-EA16-4073-BA3D-2A75D2000666}"
EndProject
Project("{9A19103F-16F7-4668-BE54-9A1E7A4F7556}") = "ObjectInspector.Editor", "Source\Plugins\EditorModules\ObjectInspector\ObjectInspector.Editor.csproj", "{BD8C27BE-5EE6-43E9-9098-B2CC954C352A}"
EndProject
Project("{9A19103F-16F7-4668-BE54-9A1E7A4F7556}") = "ProjectView.Editor", "Source\Plugins\EditorModules\ProjectView\ProjectView.Editor.csproj", "{2C3CE09A-C5EB-4F6E-B37A-8E3030B0525B}"
EndProject
Project("{9A19103F-16F7-4668-BE54-9A1E7A4F7556}") = "SceneView.Editor", "Source\Plugins\EditorModules\SceneView\SceneView.Editor.csproj", "{2A05B0BD-1EAA-4A08-8F82-DA1FBAF5D0E9}"
EndProject
Project("{9A19103F-16F7-4668-BE54-9A1E7A4F7556}") = "DualityPhysics", "Source\Core\Physics\DualityPhysics.csproj", "{479D348B-071C-4DCE-84B2-84AE2BA18657}"
EndProject
Project("{9A19103F-16F7-4668-BE54-9A1E7A4F7556}") = "DualityPrimitives", "Source\Core\Primitives\DualityPrimitives.csproj", "{7DB49BB4-56FB-4FA2-9F01-8AF46A6B192A}"
EndProject
Project("{9A19103F-16F7-4668-BE54-9A1E7A4F7556}") = "DefaultOpenTK.Core", "Source\Platform\DefaultOpenTK\DefaultOpenTK.Core.csproj", "{BDFDAB76-BD32-431D-BE25-9387751E1E77}"
EndProject
Project("{9A19103F-16F7-4668-BE54-9A1E7A4F7556}") = "DefaultOpenTK.Editor", "Source\Platform\DefaultOpenTKEditor\DefaultOpenTK.Editor.csproj", "{46397C2C-2F0F-4972-8179-E2B1D2BC452A}"
EndProject
Project("{9A19103F-16F7-4668-BE54-9A1E7A4F7556}") = "DotNetFramework.Core", "Source\Platform\DotNetFramework\DotNetFramework.Core.csproj", "{77B41023-76C3-4E92-AFA5-A4408A3D6271}"
EndProject
Project("{9A19103F-16F7-4668-BE54-9A1E7A4F7556}") = "EditorBase.Editor", "Source\Plugins\EditorBase\EditorBase.Editor.csproj", "{E1083CDE-A7E3-46BE-8ED5-B2073C6D0044}"
EndProject
Project("{9A19103F-16F7-4668-BE54-9A1E7A4F7556}") = "Compatibility.Core", "Source\Plugins\Compatibility\Compatibility.Core.csproj", "{DA3327C2-0744-47BD-9E31-BDCD87DB451F}"
EndProject
Global
	GlobalSection(SolutionConfigurationPlatforms) = preSolution
		Debug|Any CPU = Debug|Any CPU
		DebugMinimal|Any CPU = DebugMinimal|Any CPU
		Documentation|Any CPU = Documentation|Any CPU
		Nsis|Any CPU = Nsis|Any CPU
		Release|Any CPU = Release|Any CPU
		ReleaseMinimal|Any CPU = ReleaseMinimal|Any CPU
	EndGlobalSection
	GlobalSection(ProjectConfigurationPlatforms) = postSolution
		{58FF55B7-78D2-45E5-B595-E9F4A1B7FD2C}.Debug|Any CPU.ActiveCfg = Debug|Any CPU
		{58FF55B7-78D2-45E5-B595-E9F4A1B7FD2C}.Debug|Any CPU.Build.0 = Debug|Any CPU
		{58FF55B7-78D2-45E5-B595-E9F4A1B7FD2C}.DebugMinimal|Any CPU.ActiveCfg = Debug|Any CPU
		{58FF55B7-78D2-45E5-B595-E9F4A1B7FD2C}.DebugMinimal|Any CPU.Build.0 = Debug|Any CPU
		{58FF55B7-78D2-45E5-B595-E9F4A1B7FD2C}.Documentation|Any CPU.ActiveCfg = Debug|Any CPU
		{58FF55B7-78D2-45E5-B595-E9F4A1B7FD2C}.Documentation|Any CPU.Build.0 = Debug|Any CPU
		{58FF55B7-78D2-45E5-B595-E9F4A1B7FD2C}.Nsis|Any CPU.ActiveCfg = Release|Any CPU
		{58FF55B7-78D2-45E5-B595-E9F4A1B7FD2C}.Nsis|Any CPU.Build.0 = Release|Any CPU
		{58FF55B7-78D2-45E5-B595-E9F4A1B7FD2C}.Release|Any CPU.ActiveCfg = Release|Any CPU
		{58FF55B7-78D2-45E5-B595-E9F4A1B7FD2C}.Release|Any CPU.Build.0 = Release|Any CPU
		{58FF55B7-78D2-45E5-B595-E9F4A1B7FD2C}.ReleaseMinimal|Any CPU.ActiveCfg = Release|Any CPU
		{58FF55B7-78D2-45E5-B595-E9F4A1B7FD2C}.ReleaseMinimal|Any CPU.Build.0 = Release|Any CPU
		{A2251C08-94D5-4F31-B73D-7A7BC195C657}.Debug|Any CPU.ActiveCfg = Debug|Any CPU
		{A2251C08-94D5-4F31-B73D-7A7BC195C657}.Debug|Any CPU.Build.0 = Debug|Any CPU
		{A2251C08-94D5-4F31-B73D-7A7BC195C657}.DebugMinimal|Any CPU.ActiveCfg = Debug|Any CPU
		{A2251C08-94D5-4F31-B73D-7A7BC195C657}.DebugMinimal|Any CPU.Build.0 = Debug|Any CPU
		{A2251C08-94D5-4F31-B73D-7A7BC195C657}.Documentation|Any CPU.ActiveCfg = Debug|Any CPU
		{A2251C08-94D5-4F31-B73D-7A7BC195C657}.Documentation|Any CPU.Build.0 = Debug|Any CPU
		{A2251C08-94D5-4F31-B73D-7A7BC195C657}.Nsis|Any CPU.ActiveCfg = Release|Any CPU
		{A2251C08-94D5-4F31-B73D-7A7BC195C657}.Nsis|Any CPU.Build.0 = Release|Any CPU
		{A2251C08-94D5-4F31-B73D-7A7BC195C657}.Release|Any CPU.ActiveCfg = Release|Any CPU
		{A2251C08-94D5-4F31-B73D-7A7BC195C657}.Release|Any CPU.Build.0 = Release|Any CPU
		{A2251C08-94D5-4F31-B73D-7A7BC195C657}.ReleaseMinimal|Any CPU.ActiveCfg = Release|Any CPU
		{A2251C08-94D5-4F31-B73D-7A7BC195C657}.ReleaseMinimal|Any CPU.Build.0 = Release|Any CPU
		{01CFF7C9-C08E-43AE-BDE6-0CC91F9E12D7}.Debug|Any CPU.ActiveCfg = Debug|Any CPU
		{01CFF7C9-C08E-43AE-BDE6-0CC91F9E12D7}.Debug|Any CPU.Build.0 = Debug|Any CPU
		{01CFF7C9-C08E-43AE-BDE6-0CC91F9E12D7}.DebugMinimal|Any CPU.ActiveCfg = Debug|Any CPU
		{01CFF7C9-C08E-43AE-BDE6-0CC91F9E12D7}.DebugMinimal|Any CPU.Build.0 = Debug|Any CPU
		{01CFF7C9-C08E-43AE-BDE6-0CC91F9E12D7}.Documentation|Any CPU.ActiveCfg = Debug|Any CPU
		{01CFF7C9-C08E-43AE-BDE6-0CC91F9E12D7}.Documentation|Any CPU.Build.0 = Debug|Any CPU
		{01CFF7C9-C08E-43AE-BDE6-0CC91F9E12D7}.Nsis|Any CPU.ActiveCfg = Debug|Any CPU
		{01CFF7C9-C08E-43AE-BDE6-0CC91F9E12D7}.Nsis|Any CPU.Build.0 = Debug|Any CPU
		{01CFF7C9-C08E-43AE-BDE6-0CC91F9E12D7}.Release|Any CPU.ActiveCfg = Release|Any CPU
		{01CFF7C9-C08E-43AE-BDE6-0CC91F9E12D7}.Release|Any CPU.Build.0 = Release|Any CPU
		{01CFF7C9-C08E-43AE-BDE6-0CC91F9E12D7}.ReleaseMinimal|Any CPU.ActiveCfg = Release|Any CPU
		{01CFF7C9-C08E-43AE-BDE6-0CC91F9E12D7}.ReleaseMinimal|Any CPU.Build.0 = Release|Any CPU
		{668E1307-D96A-49E2-9835-C3EC4AB43149}.Debug|Any CPU.ActiveCfg = Debug|Any CPU
		{668E1307-D96A-49E2-9835-C3EC4AB43149}.Debug|Any CPU.Build.0 = Debug|Any CPU
		{668E1307-D96A-49E2-9835-C3EC4AB43149}.DebugMinimal|Any CPU.ActiveCfg = Debug|Any CPU
		{668E1307-D96A-49E2-9835-C3EC4AB43149}.DebugMinimal|Any CPU.Build.0 = Debug|Any CPU
		{668E1307-D96A-49E2-9835-C3EC4AB43149}.Documentation|Any CPU.ActiveCfg = Debug|Any CPU
		{668E1307-D96A-49E2-9835-C3EC4AB43149}.Documentation|Any CPU.Build.0 = Debug|Any CPU
		{668E1307-D96A-49E2-9835-C3EC4AB43149}.Nsis|Any CPU.ActiveCfg = Debug|Any CPU
		{668E1307-D96A-49E2-9835-C3EC4AB43149}.Nsis|Any CPU.Build.0 = Debug|Any CPU
		{668E1307-D96A-49E2-9835-C3EC4AB43149}.Release|Any CPU.ActiveCfg = Release|Any CPU
		{668E1307-D96A-49E2-9835-C3EC4AB43149}.Release|Any CPU.Build.0 = Release|Any CPU
		{668E1307-D96A-49E2-9835-C3EC4AB43149}.ReleaseMinimal|Any CPU.ActiveCfg = Release|Any CPU
		{668E1307-D96A-49E2-9835-C3EC4AB43149}.ReleaseMinimal|Any CPU.Build.0 = Release|Any CPU
		{48C6DAF0-920E-4BEE-9D12-00F805CE78CA}.Debug|Any CPU.ActiveCfg = Debug|Any CPU
		{48C6DAF0-920E-4BEE-9D12-00F805CE78CA}.Debug|Any CPU.Build.0 = Debug|Any CPU
		{48C6DAF0-920E-4BEE-9D12-00F805CE78CA}.DebugMinimal|Any CPU.ActiveCfg = Debug|Any CPU
		{48C6DAF0-920E-4BEE-9D12-00F805CE78CA}.DebugMinimal|Any CPU.Build.0 = Debug|Any CPU
		{48C6DAF0-920E-4BEE-9D12-00F805CE78CA}.Documentation|Any CPU.ActiveCfg = Debug|Any CPU
		{48C6DAF0-920E-4BEE-9D12-00F805CE78CA}.Documentation|Any CPU.Build.0 = Debug|Any CPU
		{48C6DAF0-920E-4BEE-9D12-00F805CE78CA}.Nsis|Any CPU.ActiveCfg = Debug|Any CPU
		{48C6DAF0-920E-4BEE-9D12-00F805CE78CA}.Nsis|Any CPU.Build.0 = Debug|Any CPU
		{48C6DAF0-920E-4BEE-9D12-00F805CE78CA}.Release|Any CPU.ActiveCfg = Release|Any CPU
		{48C6DAF0-920E-4BEE-9D12-00F805CE78CA}.Release|Any CPU.Build.0 = Release|Any CPU
		{48C6DAF0-920E-4BEE-9D12-00F805CE78CA}.ReleaseMinimal|Any CPU.ActiveCfg = Release|Any CPU
		{48C6DAF0-920E-4BEE-9D12-00F805CE78CA}.ReleaseMinimal|Any CPU.Build.0 = Release|Any CPU
		{80EB0281-002D-46CE-9206-60230A039DF2}.Debug|Any CPU.ActiveCfg = Debug|Any CPU
		{80EB0281-002D-46CE-9206-60230A039DF2}.Debug|Any CPU.Build.0 = Debug|Any CPU
		{80EB0281-002D-46CE-9206-60230A039DF2}.DebugMinimal|Any CPU.ActiveCfg = Debug|Any CPU
		{80EB0281-002D-46CE-9206-60230A039DF2}.DebugMinimal|Any CPU.Build.0 = Debug|Any CPU
		{80EB0281-002D-46CE-9206-60230A039DF2}.Documentation|Any CPU.ActiveCfg = Debug|Any CPU
		{80EB0281-002D-46CE-9206-60230A039DF2}.Documentation|Any CPU.Build.0 = Debug|Any CPU
		{80EB0281-002D-46CE-9206-60230A039DF2}.Nsis|Any CPU.ActiveCfg = Debug|Any CPU
		{80EB0281-002D-46CE-9206-60230A039DF2}.Nsis|Any CPU.Build.0 = Debug|Any CPU
		{80EB0281-002D-46CE-9206-60230A039DF2}.Release|Any CPU.ActiveCfg = Release|Any CPU
		{80EB0281-002D-46CE-9206-60230A039DF2}.Release|Any CPU.Build.0 = Release|Any CPU
		{80EB0281-002D-46CE-9206-60230A039DF2}.ReleaseMinimal|Any CPU.ActiveCfg = Release|Any CPU
		{80EB0281-002D-46CE-9206-60230A039DF2}.ReleaseMinimal|Any CPU.Build.0 = Release|Any CPU
		{4C3E0925-6D35-4BE5-AB8F-B705BC345DE0}.Debug|Any CPU.ActiveCfg = Debug|Any CPU
		{4C3E0925-6D35-4BE5-AB8F-B705BC345DE0}.Debug|Any CPU.Build.0 = Debug|Any CPU
		{4C3E0925-6D35-4BE5-AB8F-B705BC345DE0}.DebugMinimal|Any CPU.ActiveCfg = Debug|Any CPU
		{4C3E0925-6D35-4BE5-AB8F-B705BC345DE0}.DebugMinimal|Any CPU.Build.0 = Debug|Any CPU
		{4C3E0925-6D35-4BE5-AB8F-B705BC345DE0}.Documentation|Any CPU.ActiveCfg = Debug|Any CPU
		{4C3E0925-6D35-4BE5-AB8F-B705BC345DE0}.Documentation|Any CPU.Build.0 = Debug|Any CPU
		{4C3E0925-6D35-4BE5-AB8F-B705BC345DE0}.Nsis|Any CPU.ActiveCfg = Debug|Any CPU
		{4C3E0925-6D35-4BE5-AB8F-B705BC345DE0}.Nsis|Any CPU.Build.0 = Debug|Any CPU
		{4C3E0925-6D35-4BE5-AB8F-B705BC345DE0}.Release|Any CPU.ActiveCfg = Release|Any CPU
		{4C3E0925-6D35-4BE5-AB8F-B705BC345DE0}.Release|Any CPU.Build.0 = Release|Any CPU
		{4C3E0925-6D35-4BE5-AB8F-B705BC345DE0}.ReleaseMinimal|Any CPU.ActiveCfg = Release|Any CPU
		{4C3E0925-6D35-4BE5-AB8F-B705BC345DE0}.ReleaseMinimal|Any CPU.Build.0 = Release|Any CPU
		{6EA4F6A6-E37D-495A-B18B-83C6A2665AB7}.Debug|Any CPU.ActiveCfg = Debug|Any CPU
		{6EA4F6A6-E37D-495A-B18B-83C6A2665AB7}.Debug|Any CPU.Build.0 = Debug|Any CPU
		{6EA4F6A6-E37D-495A-B18B-83C6A2665AB7}.DebugMinimal|Any CPU.ActiveCfg = Debug|Any CPU
		{6EA4F6A6-E37D-495A-B18B-83C6A2665AB7}.DebugMinimal|Any CPU.Build.0 = Debug|Any CPU
		{6EA4F6A6-E37D-495A-B18B-83C6A2665AB7}.Documentation|Any CPU.ActiveCfg = Debug|Any CPU
		{6EA4F6A6-E37D-495A-B18B-83C6A2665AB7}.Documentation|Any CPU.Build.0 = Debug|Any CPU
		{6EA4F6A6-E37D-495A-B18B-83C6A2665AB7}.Nsis|Any CPU.ActiveCfg = Debug|Any CPU
		{6EA4F6A6-E37D-495A-B18B-83C6A2665AB7}.Nsis|Any CPU.Build.0 = Debug|Any CPU
		{6EA4F6A6-E37D-495A-B18B-83C6A2665AB7}.Release|Any CPU.ActiveCfg = Release|Any CPU
		{6EA4F6A6-E37D-495A-B18B-83C6A2665AB7}.Release|Any CPU.Build.0 = Release|Any CPU
		{6EA4F6A6-E37D-495A-B18B-83C6A2665AB7}.ReleaseMinimal|Any CPU.ActiveCfg = Release|Any CPU
		{6EA4F6A6-E37D-495A-B18B-83C6A2665AB7}.ReleaseMinimal|Any CPU.Build.0 = Release|Any CPU
		{1170AAA4-4022-4C27-B8EF-349797A21489}.Debug|Any CPU.ActiveCfg = Debug|Any CPU
		{1170AAA4-4022-4C27-B8EF-349797A21489}.Debug|Any CPU.Build.0 = Debug|Any CPU
		{1170AAA4-4022-4C27-B8EF-349797A21489}.DebugMinimal|Any CPU.ActiveCfg = Debug|Any CPU
		{1170AAA4-4022-4C27-B8EF-349797A21489}.DebugMinimal|Any CPU.Build.0 = Debug|Any CPU
		{1170AAA4-4022-4C27-B8EF-349797A21489}.Documentation|Any CPU.ActiveCfg = Debug|Any CPU
		{1170AAA4-4022-4C27-B8EF-349797A21489}.Documentation|Any CPU.Build.0 = Debug|Any CPU
		{1170AAA4-4022-4C27-B8EF-349797A21489}.Nsis|Any CPU.ActiveCfg = Debug|Any CPU
		{1170AAA4-4022-4C27-B8EF-349797A21489}.Nsis|Any CPU.Build.0 = Debug|Any CPU
		{1170AAA4-4022-4C27-B8EF-349797A21489}.Release|Any CPU.ActiveCfg = Release|Any CPU
		{1170AAA4-4022-4C27-B8EF-349797A21489}.Release|Any CPU.Build.0 = Release|Any CPU
		{1170AAA4-4022-4C27-B8EF-349797A21489}.ReleaseMinimal|Any CPU.ActiveCfg = Release|Any CPU
		{1170AAA4-4022-4C27-B8EF-349797A21489}.ReleaseMinimal|Any CPU.Build.0 = Release|Any CPU
		{BDA777FC-EA16-4073-BA3D-2A75D2000666}.Debug|Any CPU.ActiveCfg = Debug|Any CPU
		{BDA777FC-EA16-4073-BA3D-2A75D2000666}.Debug|Any CPU.Build.0 = Debug|Any CPU
		{BDA777FC-EA16-4073-BA3D-2A75D2000666}.DebugMinimal|Any CPU.ActiveCfg = Debug|Any CPU
		{BDA777FC-EA16-4073-BA3D-2A75D2000666}.DebugMinimal|Any CPU.Build.0 = Debug|Any CPU
		{BDA777FC-EA16-4073-BA3D-2A75D2000666}.Documentation|Any CPU.ActiveCfg = Debug|Any CPU
		{BDA777FC-EA16-4073-BA3D-2A75D2000666}.Documentation|Any CPU.Build.0 = Debug|Any CPU
		{BDA777FC-EA16-4073-BA3D-2A75D2000666}.Nsis|Any CPU.ActiveCfg = Debug|Any CPU
		{BDA777FC-EA16-4073-BA3D-2A75D2000666}.Nsis|Any CPU.Build.0 = Debug|Any CPU
		{BDA777FC-EA16-4073-BA3D-2A75D2000666}.Release|Any CPU.ActiveCfg = Release|Any CPU
		{BDA777FC-EA16-4073-BA3D-2A75D2000666}.Release|Any CPU.Build.0 = Release|Any CPU
		{BDA777FC-EA16-4073-BA3D-2A75D2000666}.ReleaseMinimal|Any CPU.ActiveCfg = Release|Any CPU
		{BDA777FC-EA16-4073-BA3D-2A75D2000666}.ReleaseMinimal|Any CPU.Build.0 = Release|Any CPU
		{BD8C27BE-5EE6-43E9-9098-B2CC954C352A}.Debug|Any CPU.ActiveCfg = Debug|Any CPU
		{BD8C27BE-5EE6-43E9-9098-B2CC954C352A}.Debug|Any CPU.Build.0 = Debug|Any CPU
		{BD8C27BE-5EE6-43E9-9098-B2CC954C352A}.DebugMinimal|Any CPU.ActiveCfg = Debug|Any CPU
		{BD8C27BE-5EE6-43E9-9098-B2CC954C352A}.DebugMinimal|Any CPU.Build.0 = Debug|Any CPU
		{BD8C27BE-5EE6-43E9-9098-B2CC954C352A}.Documentation|Any CPU.ActiveCfg = Debug|Any CPU
		{BD8C27BE-5EE6-43E9-9098-B2CC954C352A}.Documentation|Any CPU.Build.0 = Debug|Any CPU
		{BD8C27BE-5EE6-43E9-9098-B2CC954C352A}.Nsis|Any CPU.ActiveCfg = Debug|Any CPU
		{BD8C27BE-5EE6-43E9-9098-B2CC954C352A}.Nsis|Any CPU.Build.0 = Debug|Any CPU
		{BD8C27BE-5EE6-43E9-9098-B2CC954C352A}.Release|Any CPU.ActiveCfg = Release|Any CPU
		{BD8C27BE-5EE6-43E9-9098-B2CC954C352A}.Release|Any CPU.Build.0 = Release|Any CPU
		{BD8C27BE-5EE6-43E9-9098-B2CC954C352A}.ReleaseMinimal|Any CPU.ActiveCfg = Release|Any CPU
		{BD8C27BE-5EE6-43E9-9098-B2CC954C352A}.ReleaseMinimal|Any CPU.Build.0 = Release|Any CPU
		{2C3CE09A-C5EB-4F6E-B37A-8E3030B0525B}.Debug|Any CPU.ActiveCfg = Debug|Any CPU
		{2C3CE09A-C5EB-4F6E-B37A-8E3030B0525B}.Debug|Any CPU.Build.0 = Debug|Any CPU
		{2C3CE09A-C5EB-4F6E-B37A-8E3030B0525B}.DebugMinimal|Any CPU.ActiveCfg = Debug|Any CPU
		{2C3CE09A-C5EB-4F6E-B37A-8E3030B0525B}.DebugMinimal|Any CPU.Build.0 = Debug|Any CPU
		{2C3CE09A-C5EB-4F6E-B37A-8E3030B0525B}.Documentation|Any CPU.ActiveCfg = Debug|Any CPU
		{2C3CE09A-C5EB-4F6E-B37A-8E3030B0525B}.Documentation|Any CPU.Build.0 = Debug|Any CPU
		{2C3CE09A-C5EB-4F6E-B37A-8E3030B0525B}.Nsis|Any CPU.ActiveCfg = Debug|Any CPU
		{2C3CE09A-C5EB-4F6E-B37A-8E3030B0525B}.Nsis|Any CPU.Build.0 = Debug|Any CPU
		{2C3CE09A-C5EB-4F6E-B37A-8E3030B0525B}.Release|Any CPU.ActiveCfg = Release|Any CPU
		{2C3CE09A-C5EB-4F6E-B37A-8E3030B0525B}.Release|Any CPU.Build.0 = Release|Any CPU
		{2C3CE09A-C5EB-4F6E-B37A-8E3030B0525B}.ReleaseMinimal|Any CPU.ActiveCfg = Release|Any CPU
		{2C3CE09A-C5EB-4F6E-B37A-8E3030B0525B}.ReleaseMinimal|Any CPU.Build.0 = Release|Any CPU
		{2A05B0BD-1EAA-4A08-8F82-DA1FBAF5D0E9}.Debug|Any CPU.ActiveCfg = Debug|Any CPU
		{2A05B0BD-1EAA-4A08-8F82-DA1FBAF5D0E9}.Debug|Any CPU.Build.0 = Debug|Any CPU
		{2A05B0BD-1EAA-4A08-8F82-DA1FBAF5D0E9}.DebugMinimal|Any CPU.ActiveCfg = Debug|Any CPU
		{2A05B0BD-1EAA-4A08-8F82-DA1FBAF5D0E9}.DebugMinimal|Any CPU.Build.0 = Debug|Any CPU
		{2A05B0BD-1EAA-4A08-8F82-DA1FBAF5D0E9}.Documentation|Any CPU.ActiveCfg = Debug|Any CPU
		{2A05B0BD-1EAA-4A08-8F82-DA1FBAF5D0E9}.Documentation|Any CPU.Build.0 = Debug|Any CPU
		{2A05B0BD-1EAA-4A08-8F82-DA1FBAF5D0E9}.Nsis|Any CPU.ActiveCfg = Debug|Any CPU
		{2A05B0BD-1EAA-4A08-8F82-DA1FBAF5D0E9}.Nsis|Any CPU.Build.0 = Debug|Any CPU
		{2A05B0BD-1EAA-4A08-8F82-DA1FBAF5D0E9}.Release|Any CPU.ActiveCfg = Release|Any CPU
		{2A05B0BD-1EAA-4A08-8F82-DA1FBAF5D0E9}.Release|Any CPU.Build.0 = Release|Any CPU
		{2A05B0BD-1EAA-4A08-8F82-DA1FBAF5D0E9}.ReleaseMinimal|Any CPU.ActiveCfg = Release|Any CPU
		{2A05B0BD-1EAA-4A08-8F82-DA1FBAF5D0E9}.ReleaseMinimal|Any CPU.Build.0 = Release|Any CPU
		{479D348B-071C-4DCE-84B2-84AE2BA18657}.Debug|Any CPU.ActiveCfg = Debug|Any CPU
		{479D348B-071C-4DCE-84B2-84AE2BA18657}.Debug|Any CPU.Build.0 = Debug|Any CPU
		{479D348B-071C-4DCE-84B2-84AE2BA18657}.DebugMinimal|Any CPU.ActiveCfg = Debug|Any CPU
		{479D348B-071C-4DCE-84B2-84AE2BA18657}.DebugMinimal|Any CPU.Build.0 = Debug|Any CPU
		{479D348B-071C-4DCE-84B2-84AE2BA18657}.Documentation|Any CPU.ActiveCfg = Debug|Any CPU
		{479D348B-071C-4DCE-84B2-84AE2BA18657}.Documentation|Any CPU.Build.0 = Debug|Any CPU
		{479D348B-071C-4DCE-84B2-84AE2BA18657}.Nsis|Any CPU.ActiveCfg = Debug|Any CPU
		{479D348B-071C-4DCE-84B2-84AE2BA18657}.Nsis|Any CPU.Build.0 = Debug|Any CPU
		{479D348B-071C-4DCE-84B2-84AE2BA18657}.Release|Any CPU.ActiveCfg = Release|Any CPU
		{479D348B-071C-4DCE-84B2-84AE2BA18657}.Release|Any CPU.Build.0 = Release|Any CPU
		{479D348B-071C-4DCE-84B2-84AE2BA18657}.ReleaseMinimal|Any CPU.ActiveCfg = Release|Any CPU
		{479D348B-071C-4DCE-84B2-84AE2BA18657}.ReleaseMinimal|Any CPU.Build.0 = Release|Any CPU
		{7DB49BB4-56FB-4FA2-9F01-8AF46A6B192A}.Debug|Any CPU.ActiveCfg = Debug|Any CPU
		{7DB49BB4-56FB-4FA2-9F01-8AF46A6B192A}.Debug|Any CPU.Build.0 = Debug|Any CPU
		{7DB49BB4-56FB-4FA2-9F01-8AF46A6B192A}.DebugMinimal|Any CPU.ActiveCfg = Debug|Any CPU
		{7DB49BB4-56FB-4FA2-9F01-8AF46A6B192A}.DebugMinimal|Any CPU.Build.0 = Debug|Any CPU
		{7DB49BB4-56FB-4FA2-9F01-8AF46A6B192A}.Documentation|Any CPU.ActiveCfg = Debug|Any CPU
		{7DB49BB4-56FB-4FA2-9F01-8AF46A6B192A}.Documentation|Any CPU.Build.0 = Debug|Any CPU
		{7DB49BB4-56FB-4FA2-9F01-8AF46A6B192A}.Nsis|Any CPU.ActiveCfg = Debug|Any CPU
		{7DB49BB4-56FB-4FA2-9F01-8AF46A6B192A}.Nsis|Any CPU.Build.0 = Debug|Any CPU
		{7DB49BB4-56FB-4FA2-9F01-8AF46A6B192A}.Release|Any CPU.ActiveCfg = Release|Any CPU
		{7DB49BB4-56FB-4FA2-9F01-8AF46A6B192A}.Release|Any CPU.Build.0 = Release|Any CPU
		{7DB49BB4-56FB-4FA2-9F01-8AF46A6B192A}.ReleaseMinimal|Any CPU.ActiveCfg = Release|Any CPU
		{7DB49BB4-56FB-4FA2-9F01-8AF46A6B192A}.ReleaseMinimal|Any CPU.Build.0 = Release|Any CPU
		{BDFDAB76-BD32-431D-BE25-9387751E1E77}.Debug|Any CPU.ActiveCfg = Debug|Any CPU
		{BDFDAB76-BD32-431D-BE25-9387751E1E77}.Debug|Any CPU.Build.0 = Debug|Any CPU
		{BDFDAB76-BD32-431D-BE25-9387751E1E77}.DebugMinimal|Any CPU.ActiveCfg = Debug|Any CPU
		{BDFDAB76-BD32-431D-BE25-9387751E1E77}.DebugMinimal|Any CPU.Build.0 = Debug|Any CPU
		{BDFDAB76-BD32-431D-BE25-9387751E1E77}.Documentation|Any CPU.ActiveCfg = Debug|Any CPU
		{BDFDAB76-BD32-431D-BE25-9387751E1E77}.Documentation|Any CPU.Build.0 = Debug|Any CPU
		{BDFDAB76-BD32-431D-BE25-9387751E1E77}.Nsis|Any CPU.ActiveCfg = Debug|Any CPU
		{BDFDAB76-BD32-431D-BE25-9387751E1E77}.Nsis|Any CPU.Build.0 = Debug|Any CPU
		{BDFDAB76-BD32-431D-BE25-9387751E1E77}.Release|Any CPU.ActiveCfg = Release|Any CPU
		{BDFDAB76-BD32-431D-BE25-9387751E1E77}.Release|Any CPU.Build.0 = Release|Any CPU
		{BDFDAB76-BD32-431D-BE25-9387751E1E77}.ReleaseMinimal|Any CPU.ActiveCfg = Release|Any CPU
		{BDFDAB76-BD32-431D-BE25-9387751E1E77}.ReleaseMinimal|Any CPU.Build.0 = Release|Any CPU
		{46397C2C-2F0F-4972-8179-E2B1D2BC452A}.Debug|Any CPU.ActiveCfg = Debug|Any CPU
		{46397C2C-2F0F-4972-8179-E2B1D2BC452A}.Debug|Any CPU.Build.0 = Debug|Any CPU
		{46397C2C-2F0F-4972-8179-E2B1D2BC452A}.DebugMinimal|Any CPU.ActiveCfg = Debug|Any CPU
		{46397C2C-2F0F-4972-8179-E2B1D2BC452A}.DebugMinimal|Any CPU.Build.0 = Debug|Any CPU
		{46397C2C-2F0F-4972-8179-E2B1D2BC452A}.Documentation|Any CPU.ActiveCfg = Debug|Any CPU
		{46397C2C-2F0F-4972-8179-E2B1D2BC452A}.Documentation|Any CPU.Build.0 = Debug|Any CPU
		{46397C2C-2F0F-4972-8179-E2B1D2BC452A}.Nsis|Any CPU.ActiveCfg = Debug|Any CPU
		{46397C2C-2F0F-4972-8179-E2B1D2BC452A}.Nsis|Any CPU.Build.0 = Debug|Any CPU
		{46397C2C-2F0F-4972-8179-E2B1D2BC452A}.Release|Any CPU.ActiveCfg = Release|Any CPU
		{46397C2C-2F0F-4972-8179-E2B1D2BC452A}.Release|Any CPU.Build.0 = Release|Any CPU
		{46397C2C-2F0F-4972-8179-E2B1D2BC452A}.ReleaseMinimal|Any CPU.ActiveCfg = Release|Any CPU
		{46397C2C-2F0F-4972-8179-E2B1D2BC452A}.ReleaseMinimal|Any CPU.Build.0 = Release|Any CPU
		{77B41023-76C3-4E92-AFA5-A4408A3D6271}.Debug|Any CPU.ActiveCfg = Debug|Any CPU
		{77B41023-76C3-4E92-AFA5-A4408A3D6271}.Debug|Any CPU.Build.0 = Debug|Any CPU
		{77B41023-76C3-4E92-AFA5-A4408A3D6271}.DebugMinimal|Any CPU.ActiveCfg = Debug|Any CPU
		{77B41023-76C3-4E92-AFA5-A4408A3D6271}.DebugMinimal|Any CPU.Build.0 = Debug|Any CPU
		{77B41023-76C3-4E92-AFA5-A4408A3D6271}.Documentation|Any CPU.ActiveCfg = Debug|Any CPU
		{77B41023-76C3-4E92-AFA5-A4408A3D6271}.Documentation|Any CPU.Build.0 = Debug|Any CPU
		{77B41023-76C3-4E92-AFA5-A4408A3D6271}.Nsis|Any CPU.ActiveCfg = Debug|Any CPU
		{77B41023-76C3-4E92-AFA5-A4408A3D6271}.Nsis|Any CPU.Build.0 = Debug|Any CPU
		{77B41023-76C3-4E92-AFA5-A4408A3D6271}.Release|Any CPU.ActiveCfg = Release|Any CPU
		{77B41023-76C3-4E92-AFA5-A4408A3D6271}.Release|Any CPU.Build.0 = Release|Any CPU
		{77B41023-76C3-4E92-AFA5-A4408A3D6271}.ReleaseMinimal|Any CPU.ActiveCfg = Release|Any CPU
		{77B41023-76C3-4E92-AFA5-A4408A3D6271}.ReleaseMinimal|Any CPU.Build.0 = Release|Any CPU
		{E1083CDE-A7E3-46BE-8ED5-B2073C6D0044}.Debug|Any CPU.ActiveCfg = Debug|Any CPU
		{E1083CDE-A7E3-46BE-8ED5-B2073C6D0044}.Debug|Any CPU.Build.0 = Debug|Any CPU
		{E1083CDE-A7E3-46BE-8ED5-B2073C6D0044}.DebugMinimal|Any CPU.ActiveCfg = Debug|Any CPU
		{E1083CDE-A7E3-46BE-8ED5-B2073C6D0044}.DebugMinimal|Any CPU.Build.0 = Debug|Any CPU
		{E1083CDE-A7E3-46BE-8ED5-B2073C6D0044}.Documentation|Any CPU.ActiveCfg = Debug|Any CPU
		{E1083CDE-A7E3-46BE-8ED5-B2073C6D0044}.Documentation|Any CPU.Build.0 = Debug|Any CPU
		{E1083CDE-A7E3-46BE-8ED5-B2073C6D0044}.Nsis|Any CPU.ActiveCfg = Debug|Any CPU
		{E1083CDE-A7E3-46BE-8ED5-B2073C6D0044}.Nsis|Any CPU.Build.0 = Debug|Any CPU
		{E1083CDE-A7E3-46BE-8ED5-B2073C6D0044}.Release|Any CPU.ActiveCfg = Release|Any CPU
		{E1083CDE-A7E3-46BE-8ED5-B2073C6D0044}.Release|Any CPU.Build.0 = Release|Any CPU
		{E1083CDE-A7E3-46BE-8ED5-B2073C6D0044}.ReleaseMinimal|Any CPU.ActiveCfg = Release|Any CPU
		{E1083CDE-A7E3-46BE-8ED5-B2073C6D0044}.ReleaseMinimal|Any CPU.Build.0 = Release|Any CPU
		{DA3327C2-0744-47BD-9E31-BDCD87DB451F}.Debug|Any CPU.ActiveCfg = Debug|Any CPU
		{DA3327C2-0744-47BD-9E31-BDCD87DB451F}.Debug|Any CPU.Build.0 = Debug|Any CPU
		{DA3327C2-0744-47BD-9E31-BDCD87DB451F}.DebugMinimal|Any CPU.ActiveCfg = Debug|Any CPU
		{DA3327C2-0744-47BD-9E31-BDCD87DB451F}.DebugMinimal|Any CPU.Build.0 = Debug|Any CPU
		{DA3327C2-0744-47BD-9E31-BDCD87DB451F}.Documentation|Any CPU.ActiveCfg = Debug|Any CPU
		{DA3327C2-0744-47BD-9E31-BDCD87DB451F}.Documentation|Any CPU.Build.0 = Debug|Any CPU
		{DA3327C2-0744-47BD-9E31-BDCD87DB451F}.Nsis|Any CPU.ActiveCfg = Debug|Any CPU
		{DA3327C2-0744-47BD-9E31-BDCD87DB451F}.Nsis|Any CPU.Build.0 = Debug|Any CPU
		{DA3327C2-0744-47BD-9E31-BDCD87DB451F}.Release|Any CPU.ActiveCfg = Release|Any CPU
		{DA3327C2-0744-47BD-9E31-BDCD87DB451F}.Release|Any CPU.Build.0 = Release|Any CPU
		{DA3327C2-0744-47BD-9E31-BDCD87DB451F}.ReleaseMinimal|Any CPU.ActiveCfg = Release|Any CPU
		{DA3327C2-0744-47BD-9E31-BDCD87DB451F}.ReleaseMinimal|Any CPU.Build.0 = Release|Any CPU
	EndGlobalSection
	GlobalSection(SolutionProperties) = preSolution
		HideSolutionNode = FALSE
	EndGlobalSection
	GlobalSection(NestedProjects) = preSolution
		{58FF55B7-78D2-45E5-B595-E9F4A1B7FD2C} = {8E73E7B2-BD1F-4A2F-8B48-B3E87246F859}
		{A2251C08-94D5-4F31-B73D-7A7BC195C657} = {C40CA1C1-67B9-4A73-9858-6573BA239598}
		{01CFF7C9-C08E-43AE-BDE6-0CC91F9E12D7} = {4E714ECB-1E16-4A47-9353-BDADBC7CB814}
		{668E1307-D96A-49E2-9835-C3EC4AB43149} = {C40CA1C1-67B9-4A73-9858-6573BA239598}
		{48C6DAF0-920E-4BEE-9D12-00F805CE78CA} = {C40CA1C1-67B9-4A73-9858-6573BA239598}
		{80EB0281-002D-46CE-9206-60230A039DF2} = {C40CA1C1-67B9-4A73-9858-6573BA239598}
		{4C3E0925-6D35-4BE5-AB8F-B705BC345DE0} = {C40CA1C1-67B9-4A73-9858-6573BA239598}
		{6A869A1E-8C89-49E5-A307-89E44A64559C} = {351C6EB7-7CAF-42A3-B15D-C1C567054CF9}
		{5FCF3A6B-37CA-4ACE-8708-4A7C93961C71} = {351C6EB7-7CAF-42A3-B15D-C1C567054CF9}
		{6EA4F6A6-E37D-495A-B18B-83C6A2665AB7} = {6A869A1E-8C89-49E5-A307-89E44A64559C}
		{1170AAA4-4022-4C27-B8EF-349797A21489} = {6A869A1E-8C89-49E5-A307-89E44A64559C}
		{BDA777FC-EA16-4073-BA3D-2A75D2000666} = {6A869A1E-8C89-49E5-A307-89E44A64559C}
		{BD8C27BE-5EE6-43E9-9098-B2CC954C352A} = {6A869A1E-8C89-49E5-A307-89E44A64559C}
		{2C3CE09A-C5EB-4F6E-B37A-8E3030B0525B} = {6A869A1E-8C89-49E5-A307-89E44A64559C}
		{2A05B0BD-1EAA-4A08-8F82-DA1FBAF5D0E9} = {6A869A1E-8C89-49E5-A307-89E44A64559C}
		{479D348B-071C-4DCE-84B2-84AE2BA18657} = {8E73E7B2-BD1F-4A2F-8B48-B3E87246F859}
		{7DB49BB4-56FB-4FA2-9F01-8AF46A6B192A} = {8E73E7B2-BD1F-4A2F-8B48-B3E87246F859}
		{BDFDAB76-BD32-431D-BE25-9387751E1E77} = {CCDCA619-D8C7-4E78-BF05-22DB518F503D}
		{46397C2C-2F0F-4972-8179-E2B1D2BC452A} = {CCDCA619-D8C7-4E78-BF05-22DB518F503D}
		{77B41023-76C3-4E92-AFA5-A4408A3D6271} = {CCDCA619-D8C7-4E78-BF05-22DB518F503D}
		{E1083CDE-A7E3-46BE-8ED5-B2073C6D0044} = {351C6EB7-7CAF-42A3-B15D-C1C567054CF9}
		{DA3327C2-0744-47BD-9E31-BDCD87DB451F} = {351C6EB7-7CAF-42A3-B15D-C1C567054CF9}
	EndGlobalSection
	GlobalSection(ExtensibilityGlobals) = postSolution
		SolutionGuid = {15326220-179F-435A-90E6-95E08224BDBF}
	EndGlobalSection
EndGlobal
